{
  "name": "swagger-codegen-js",
  "version": "1.0.0",
  "lockfileVersion": 1,
  "requires": true,
  "dependencies": {
    "handlebars": {
      "version": "4.7.6",
      "resolved": "https://repo.sebank.se:443/artifactory/api/npm/seb-npm/handlebars/-/handlebars-4.7.6.tgz",
      "integrity": "sha1-1MBcG6+Q6ZRfd6pop6IZqkp9904=",
      "requires": {
        "minimist": "^1.2.5",
        "neo-async": "^2.6.0",
        "source-map": "^0.6.1",
        "uglify-js": "^3.1.4",
        "wordwrap": "^1.0.0"
      }
    },
    "minimist": {
      "version": "1.2.5",
      "resolved": "https://repo.sebank.se:443/artifactory/api/npm/seb-npm/minimist/-/minimist-1.2.5.tgz",
      "integrity": "sha1-Z9ZgFLZqaoqqDAg8X9WN9OTpdgI="
    },
    "neo-async": {
      "version": "2.6.2",
      "resolved": "https://repo.sebank.se:443/artifactory/api/npm/seb-npm/neo-async/-/neo-async-2.6.2.tgz",
      "integrity": "sha1-tKr7k+OustgXTKU88WOrfXMIMF8="
    },
    "source-map": {
      "version": "0.6.1",
      "resolved": "https://repo.sebank.se:443/artifactory/api/npm/seb-npm/source-map/-/source-map-0.6.1.tgz",
      "integrity": "sha1-dHIq8y6WFOnCh6jQu95IteLxomM="
    },
    "uglify-js": {
      "version": "3.11.2",
      "resolved": "https://repo.sebank.se:443/artifactory/api/npm/seb-npm/uglify-js/-/uglify-js-3.11.2.tgz",
      "integrity": "sha1-n1AyVUQnPCeyDlht7xQOdybFJeo=",
      "optional": true
    },
    "wordwrap": {
      "version": "1.0.0",
      "resolved": "https://repo.sebank.se:443/artifactory/api/npm/seb-npm/wordwrap/-/wordwrap-1.0.0.tgz",
      "integrity": "sha1-J1hIEIkUVqQXHI0CJkQa3pDLyus="
    }
  }
}
